// !$*UTF8*$!
{
	archiveVersion = 1;
	classes = {
	};
	objectVersion = 56;
	objects = {

/* Begin PBXBuildFile section */
		423F8BC928DEF40E00874A5D /* ARViewContainer.swift in Sources */ = {isa = PBXBuildFile; fileRef = 423F8BC828DEF40E00874A5D /* ARViewContainer.swift */; };
		423F8BD628DF274600874A5D /* character in Resources */ = {isa = PBXBuildFile; fileRef = 423F8BD528DF274600874A5D /* character */; };
		423F8BD828DF27E900874A5D /* HomeView.swift in Sources */ = {isa = PBXBuildFile; fileRef = 423F8BD728DF27E900874A5D /* HomeView.swift */; };
		423F8BDD28DF354200874A5D /* SkeletonBone.swift in Sources */ = {isa = PBXBuildFile; fileRef = 423F8BD928DF354100874A5D /* SkeletonBone.swift */; };
		423F8BDE28DF354200874A5D /* BodySkeleton.swift in Sources */ = {isa = PBXBuildFile; fileRef = 423F8BDA28DF354100874A5D /* BodySkeleton.swift */; };
		423F8BDF28DF354200874A5D /* Bones.swift in Sources */ = {isa = PBXBuildFile; fileRef = 423F8BDB28DF354200874A5D /* Bones.swift */; };
		423F8BE028DF354200874A5D /* SkeletonJoint.swift in Sources */ = {isa = PBXBuildFile; fileRef = 423F8BDC28DF354200874A5D /* SkeletonJoint.swift */; };
		89A4DF7D28DEE9B600D325BA /* HealthifyApp.swift in Sources */ = {isa = PBXBuildFile; fileRef = 89A4DF7C28DEE9B600D325BA /* HealthifyApp.swift */; };
		89A4DF7F28DEE9B600D325BA /* ContentView.swift in Sources */ = {isa = PBXBuildFile; fileRef = 89A4DF7E28DEE9B600D325BA /* ContentView.swift */; };
		89A4DF8128DEE9B900D325BA /* Assets.xcassets in Resources */ = {isa = PBXBuildFile; fileRef = 89A4DF8028DEE9B900D325BA /* Assets.xcassets */; };
		89A4DF8428DEE9B900D325BA /* Preview Assets.xcassets in Resources */ = {isa = PBXBuildFile; fileRef = 89A4DF8328DEE9B900D325BA /* Preview Assets.xcassets */; };
/* End PBXBuildFile section */

/* Begin PBXFileReference section */
		423F8BC828DEF40E00874A5D /* ARViewContainer.swift */ = {isa = PBXFileReference; lastKnownFileType = sourcecode.swift; path = ARViewContainer.swift; sourceTree = "<group>"; };
		423F8BD528DF274600874A5D /* character */ = {isa = PBXFileReference; lastKnownFileType = folder; path = character; sourceTree = "<group>"; };
		423F8BD728DF27E900874A5D /* HomeView.swift */ = {isa = PBXFileReference; lastKnownFileType = sourcecode.swift; path = HomeView.swift; sourceTree = "<group>"; };
		423F8BD928DF354100874A5D /* SkeletonBone.swift */ = {isa = PBXFileReference; fileEncoding = 4; lastKnownFileType = sourcecode.swift; path = SkeletonBone.swift; sourceTree = "<group>"; };
		423F8BDA28DF354100874A5D /* BodySkeleton.swift */ = {isa = PBXFileReference; fileEncoding = 4; lastKnownFileType = sourcecode.swift; path = BodySkeleton.swift; sourceTree = "<group>"; };
		423F8BDB28DF354200874A5D /* Bones.swift */ = {isa = PBXFileReference; fileEncoding = 4; lastKnownFileType = sourcecode.swift; path = Bones.swift; sourceTree = "<group>"; };
		423F8BDC28DF354200874A5D /* SkeletonJoint.swift */ = {isa = PBXFileReference; fileEncoding = 4; lastKnownFileType = sourcecode.swift; path = SkeletonJoint.swift; sourceTree = "<group>"; };
		89A4DF7928DEE9B600D325BA /* Healthify.app */ = {isa = PBXFileReference; explicitFileType = wrapper.application; includeInIndex = 0; path = Healthify.app; sourceTree = BUILT_PRODUCTS_DIR; };
		89A4DF7C28DEE9B600D325BA /* HealthifyApp.swift */ = {isa = PBXFileReference; lastKnownFileType = sourcecode.swift; path = HealthifyApp.swift; sourceTree = "<group>"; };
		89A4DF7E28DEE9B600D325BA /* ContentView.swift */ = {isa = PBXFileReference; lastKnownFileType = sourcecode.swift; path = ContentView.swift; sourceTree = "<group>"; };
		89A4DF8028DEE9B900D325BA /* Assets.xcassets */ = {isa = PBXFileReference; lastKnownFileType = folder.assetcatalog; path = Assets.xcassets; sourceTree = "<group>"; };
		89A4DF8328DEE9B900D325BA /* Preview Assets.xcassets */ = {isa = PBXFileReference; lastKnownFileType = folder.assetcatalog; path = "Preview Assets.xcassets"; sourceTree = "<group>"; };
/* End PBXFileReference section */

/* Begin PBXFrameworksBuildPhase section */
		89A4DF7628DEE9B600D325BA /* Frameworks */ = {
			isa = PBXFrameworksBuildPhase;
			buildActionMask = 2147483647;
			files = (
			);
			runOnlyForDeploymentPostprocessing = 0;
		};
/* End PBXFrameworksBuildPhase section */

/* Begin PBXGroup section */
		423F8BD228DF214D00874A5D /* Junk */ = {
			isa = PBXGroup;
			children = (
			);
			path = Junk;
			sourceTree = "<group>";
		};
		89A4DF7028DEE9B600D325BA = {
			isa = PBXGroup;
			children = (
				89A4DF7B28DEE9B600D325BA /* Healthify */,
				89A4DF7A28DEE9B600D325BA /* Products */,
			);
			sourceTree = "<group>";
		};
		89A4DF7A28DEE9B600D325BA /* Products */ = {
			isa = PBXGroup;
			children = (
				89A4DF7928DEE9B600D325BA /* Healthify.app */,
			);
			name = Products;
			sourceTree = "<group>";
		};
		89A4DF7B28DEE9B600D325BA /* Healthify */ = {
			isa = PBXGroup;
			children = (
				89A4DF7C28DEE9B600D325BA /* HealthifyApp.swift */,
				89A4DF7E28DEE9B600D325BA /* ContentView.swift */,
				423F8BD728DF27E900874A5D /* HomeView.swift */,
				423F8BC828DEF40E00874A5D /* ARViewContainer.swift */,
				423F8BDA28DF354100874A5D /* BodySkeleton.swift */,
				423F8BDB28DF354200874A5D /* Bones.swift */,
				423F8BD928DF354100874A5D /* SkeletonBone.swift */,
				423F8BDC28DF354200874A5D /* SkeletonJoint.swift */,
				423F8BD528DF274600874A5D /* character */,
				423F8BD228DF214D00874A5D /* Junk */,
				89A4DF8028DEE9B900D325BA /* Assets.xcassets */,
				89A4DF8228DEE9B900D325BA /* Preview Content */,
			);
			path = Healthify;
			sourceTree = "<group>";
		};
		89A4DF8228DEE9B900D325BA /* Preview Content */ = {
			isa = PBXGroup;
			children = (
				89A4DF8328DEE9B900D325BA /* Preview Assets.xcassets */,
			);
			path = "Preview Content";
			sourceTree = "<group>";
		};
/* End PBXGroup section */

/* Begin PBXNativeTarget section */
		89A4DF7828DEE9B600D325BA /* Healthify */ = {
			isa = PBXNativeTarget;
			buildConfigurationList = 89A4DF8728DEE9B900D325BA /* Build configuration list for PBXNativeTarget "Healthify" */;
			buildPhases = (
				89A4DF7528DEE9B600D325BA /* Sources */,
				89A4DF7628DEE9B600D325BA /* Frameworks */,
				89A4DF7728DEE9B600D325BA /* Resources */,
			);
			buildRules = (
			);
			dependencies = (
			);
			name = Healthify;
			productName = Healthify;
			productReference = 89A4DF7928DEE9B600D325BA /* Healthify.app */;
			productType = "com.apple.product-type.application";
		};
/* End PBXNativeTarget section */

/* Begin PBXProject section */
		89A4DF7128DEE9B600D325BA /* Project object */ = {
			isa = PBXProject;
			attributes = {
				BuildIndependentTargetsInParallel = 1;
				LastSwiftUpdateCheck = 1400;
				LastUpgradeCheck = 1400;
				TargetAttributes = {
					89A4DF7828DEE9B600D325BA = {
						CreatedOnToolsVersion = 14.0;
					};
				};
			};
			buildConfigurationList = 89A4DF7428DEE9B600D325BA /* Build configuration list for PBXProject "Healthify" */;
			compatibilityVersion = "Xcode 14.0";
			developmentRegion = en;
			hasScannedForEncodings = 0;
			knownRegions = (
				en,
				Base,
			);
			mainGroup = 89A4DF7028DEE9B600D325BA;
			productRefGroup = 89A4DF7A28DEE9B600D325BA /* Products */;
			projectDirPath = "";
			projectRoot = "";
			targets = (
				89A4DF7828DEE9B600D325BA /* Healthify */,
			);
		};
/* End PBXProject section */

/* Begin PBXResourcesBuildPhase section */
		89A4DF7728DEE9B600D325BA /* Resources */ = {
			isa = PBXResourcesBuildPhase;
			buildActionMask = 2147483647;
			files = (
				423F8BD628DF274600874A5D /* character in Resources */,
				89A4DF8428DEE9B900D325BA /* Preview Assets.xcassets in Resources */,
				89A4DF8128DEE9B900D325BA /* Assets.xcassets in Resources */,
			);
			runOnlyForDeploymentPostprocessing = 0;
		};
/* End PBXResourcesBuildPhase section */

/* Begin PBXSourcesBuildPhase section */
		89A4DF7528DEE9B600D325BA /* Sources */ = {
			isa = PBXSourcesBuildPhase;
			buildActionMask = 2147483647;
			files = (
				89A4DF7F28DEE9B600D325BA /* ContentView.swift in Sources */,
				423F8BDD28DF354200874A5D /* SkeletonBone.swift in Sources */,
				423F8BDE28DF354200874A5D /* BodySkeleton.swift in Sources */,
				423F8BDF28DF354200874A5D /* Bones.swift in Sources */,
				89A4DF7D28DEE9B600D325BA /* HealthifyApp.swift in Sources */,
				423F8BD828DF27E900874A5D /* HomeView.swift in Sources */,
				423F8BC928DEF40E00874A5D /* ARViewContainer.swift in Sources */,
				423F8BE028DF354200874A5D /* SkeletonJoint.swift in Sources */,
			);
			runOnlyForDeploymentPostprocessing = 0;
		};
/* End PBXSourcesBuildPhase section */

/* Begin XCBuildConfiguration section */
		89A4DF8528DEE9B900D325BA /* Debug */ = {
			isa = XCBuildConfiguration;
			buildSettings = {
				ALWAYS_SEARCH_USER_PATHS = NO;
				CLANG_ANALYZER_NONNULL = YES;
				CLANG_ANALYZER_NUMBER_OBJECT_CONVERSION = YES_AGGRESSIVE;
				CLANG_CXX_LANGUAGE_STANDARD = "gnu++20";
				CLANG_ENABLE_MODULES = YES;
				CLANG_ENABLE_OBJC_ARC = YES;
				CLANG_ENABLE_OBJC_WEAK = YES;
				CLANG_WARN_BLOCK_CAPTURE_AUTORELEASING = YES;
				CLANG_WARN_BOOL_CONVERSION = YES;
				CLANG_WARN_COMMA = YES;
				CLANG_WARN_CONSTANT_CONVERSION = YES;
				CLANG_WARN_DEPRECATED_OBJC_IMPLEMENTATIONS = YES;
				CLANG_WARN_DIRECT_OBJC_ISA_USAGE = YES_ERROR;
				CLANG_WARN_DOCUMENTATION_COMMENTS = YES;
				CLANG_WARN_EMPTY_BODY = YES;
				CLANG_WARN_ENUM_CONVERSION = YES;
				CLANG_WARN_INFINITE_RECURSION = YES;
				CLANG_WARN_INT_CONVERSION = YES;
				CLANG_WARN_NON_LITERAL_NULL_CONVERSION = YES;
				CLANG_WARN_OBJC_IMPLICIT_RETAIN_SELF = YES;
				CLANG_WARN_OBJC_LITERAL_CONVERSION = YES;
				CLANG_WARN_OBJC_ROOT_CLASS = YES_ERROR;
				CLANG_WARN_QUOTED_INCLUDE_IN_FRAMEWORK_HEADER = YES;
				CLANG_WARN_RANGE_LOOP_ANALYSIS = YES;
				CLANG_WARN_STRICT_PROTOTYPES = YES;
				CLANG_WARN_SUSPICIOUS_MOVE = YES;
				CLANG_WARN_UNGUARDED_AVAILABILITY = YES_AGGRESSIVE;
				CLANG_WARN_UNREACHABLE_CODE = YES;
				CLANG_WARN__DUPLICATE_METHOD_MATCH = YES;
				COPY_PHASE_STRIP = NO;
				DEBUG_INFORMATION_FORMAT = dwarf;
				ENABLE_STRICT_OBJC_MSGSEND = YES;
				ENABLE_TESTABILITY = YES;
				GCC_C_LANGUAGE_STANDARD = gnu11;
				GCC_DYNAMIC_NO_PIC = NO;
				GCC_NO_COMMON_BLOCKS = YES;
				GCC_OPTIMIZATION_LEVEL = 0;
				GCC_PREPROCESSOR_DEFINITIONS = (
					"DEBUG=1",
					"$(inherited)",
				);
				GCC_WARN_64_TO_32_BIT_CONVERSION = YES;
				GCC_WARN_ABOUT_RETURN_TYPE = YES_ERROR;
				GCC_WARN_UNDECLARED_SELECTOR = YES;
				GCC_WARN_UNINITIALIZED_AUTOS = YES_AGGRESSIVE;
				GCC_WARN_UNUSED_FUNCTION = YES;
				GCC_WARN_UNUSED_VARIABLE = YES;
				IPHONEOS_DEPLOYMENT_TARGET = 15.6;
				MTL_ENABLE_DEBUG_INFO = INCLUDE_SOURCE;
				MTL_FAST_MATH = YES;
				ONLY_ACTIVE_ARCH = YES;
				SDKROOT = iphoneos;
				SWIFT_ACTIVE_COMPILATION_CONDITIONS = DEBUG;
				SWIFT_OPTIMIZATION_LEVEL = "-Onone";
			};
			name = Debug;
		};
		89A4DF8628DEE9B900D325BA /* Release */ = {
			isa = XCBuildConfiguration;
			buildSettings = {
				ALWAYS_SEARCH_USER_PATHS = NO;
				CLANG_ANALYZER_NONNULL = YES;
				CLANG_ANALYZER_NUMBER_OBJECT_CONVERSION = YES_AGGRESSIVE;
				CLANG_CXX_LANGUAGE_STANDARD = "gnu++20";
				CLANG_ENABLE_MODULES = YES;
				CLANG_ENABLE_OBJC_ARC = YES;
				CLANG_ENABLE_OBJC_WEAK = YES;
				CLANG_WARN_BLOCK_CAPTURE_AUTORELEASING = YES;
				CLANG_WARN_BOOL_CONVERSION = YES;
				CLANG_WARN_COMMA = YES;
				CLANG_WARN_CONSTANT_CONVERSION = YES;
				CLANG_WARN_DEPRECATED_OBJC_IMPLEMENTATIONS = YES;
				CLANG_WARN_DIRECT_OBJC_ISA_USAGE = YES_ERROR;
				CLANG_WARN_DOCUMENTATION_COMMENTS = YES;
				CLANG_WARN_EMPTY_BODY = YES;
				CLANG_WARN_ENUM_CONVERSION = YES;
				CLANG_WARN_INFINITE_RECURSION = YES;
				CLANG_WARN_INT_CONVERSION = YES;
				CLANG_WARN_NON_LITERAL_NULL_CONVERSION = YES;
				CLANG_WARN_OBJC_IMPLICIT_RETAIN_SELF = YES;
				CLANG_WARN_OBJC_LITERAL_CONVERSION = YES;
				CLANG_WARN_OBJC_ROOT_CLASS = YES_ERROR;
				CLANG_WARN_QUOTED_INCLUDE_IN_FRAMEWORK_HEADER = YES;
				CLANG_WARN_RANGE_LOOP_ANALYSIS = YES;
				CLANG_WARN_STRICT_PROTOTYPES = YES;
				CLANG_WARN_SUSPICIOUS_MOVE = YES;
				CLANG_WARN_UNGUARDED_AVAILABILITY = YES_AGGRESSIVE;
				CLANG_WARN_UNREACHABLE_CODE = YES;
				CLANG_WARN__DUPLICATE_METHOD_MATCH = YES;
				COPY_PHASE_STRIP = NO;
				DEBUG_INFORMATION_FORMAT = "dwarf-with-dsym";
				ENABLE_NS_ASSERTIONS = NO;
				ENABLE_STRICT_OBJC_MSGSEND = YES;
				GCC_C_LANGUAGE_STANDARD = gnu11;
				GCC_NO_COMMON_BLOCKS = YES;
				GCC_WARN_64_TO_32_BIT_CONVERSION = YES;
				GCC_WARN_ABOUT_RETURN_TYPE = YES_ERROR;
				GCC_WARN_UNDECLARED_SELECTOR = YES;
				GCC_WARN_UNINITIALIZED_AUTOS = YES_AGGRESSIVE;
				GCC_WARN_UNUSED_FUNCTION = YES;
				GCC_WARN_UNUSED_VARIABLE = YES;
				IPHONEOS_DEPLOYMENT_TARGET = 15.6;
				MTL_ENABLE_DEBUG_INFO = NO;
				MTL_FAST_MATH = YES;
				SDKROOT = iphoneos;
				SWIFT_COMPILATION_MODE = wholemodule;
				SWIFT_OPTIMIZATION_LEVEL = "-O";
				VALIDATE_PRODUCT = YES;
			};
			name = Release;
		};
		89A4DF8828DEE9B900D325BA /* Debug */ = {
			isa = XCBuildConfiguration;
			buildSettings = {
				ASSETCATALOG_COMPILER_APPICON_NAME = AppIcon;
				ASSETCATALOG_COMPILER_GLOBAL_ACCENT_COLOR_NAME = AccentColor;
				CODE_SIGN_STYLE = Automatic;
				CURRENT_PROJECT_VERSION = 1;
				DEVELOPMENT_ASSET_PATHS = "\"Healthify/Preview Content\"";
				DEVELOPMENT_TEAM = 6F3A58SWMP;
				ENABLE_PREVIEWS = YES;
				GENERATE_INFOPLIST_FILE = YES;
				INFOPLIST_KEY_NSCameraUsageDescription = "TURN ON THE CAMERA!!!!!";
				INFOPLIST_KEY_UIApplicationSceneManifest_Generation = YES;
				INFOPLIST_KEY_UIApplicationSupportsIndirectInputEvents = YES;
				INFOPLIST_KEY_UILaunchScreen_Generation = YES;
				INFOPLIST_KEY_UISupportedInterfaceOrientations_iPad = "UIInterfaceOrientationPortrait UIInterfaceOrientationPortraitUpsideDown UIInterfaceOrientationLandscapeLeft UIInterfaceOrientationLandscapeRight";
				INFOPLIST_KEY_UISupportedInterfaceOrientations_iPhone = "UIInterfaceOrientationPortrait UIInterfaceOrientationLandscapeLeft UIInterfaceOrientationLandscapeRight";
				LD_RUNPATH_SEARCH_PATHS = (
					"$(inherited)",
					"@executable_path/Frameworks",
				);
				MARKETING_VERSION = 1.0;
				PRODUCT_BUNDLE_IDENTIFIER = com.gmail.khang.nguyen.trd.Healthify;
				PRODUCT_NAME = "$(TARGET_NAME)";
				SWIFT_EMIT_LOC_STRINGS = YES;
				SWIFT_VERSION = 5.0;
				TARGETED_DEVICE_FAMILY = "1,2";
			};
			name = Debug;
		};
		89A4DF8928DEE9B900D325BA /* Release */ = {
			isa = XCBuildConfiguration;
			buildSettings = {
				ASSETCATALOG_COMPILER_APPICON_NAME = AppIcon;
				ASSETCATALOG_COMPILER_GLOBAL_ACCENT_COLOR_NAME = AccentColor;
				CODE_SIGN_STYLE = Automatic;
				CURRENT_PROJECT_VERSION = 1;
				DEVELOPMENT_ASSET_PATHS = "\"Healthify/Preview Content\"";
				DEVELOPMENT_TEAM = 6F3A58SWMP;
				ENABLE_PREVIEWS = YES;
				GENERATE_INFOPLIST_FILE = YES;
				INFOPLIST_KEY_NSCameraUsageDescription = "TURN ON THE CAMERA!!!!!";
				INFOPLIST_KEY_UIApplicationSceneManifest_Generation = YES;
				INFOPLIST_KEY_UIApplicationSupportsIndirectInputEvents = YES;
				INFOPLIST_KEY_UILaunchScreen_Generation = YES;
				INFOPLIST_KEY_UISupportedInterfaceOrientations_iPad = "UIInterfaceOrientationPortrait UIInterfaceOrientationPortraitUpsideDown UIInterfaceOrientationLandscapeLeft UIInterfaceOrientationLandscapeRight";
				INFOPLIST_KEY_UISupportedInterfaceOrientations_iPhone = "UIInterfaceOrientationPortrait UIInterfaceOrientationLandscapeLeft UIInterfaceOrientationLandscapeRight";
				LD_RUNPATH_SEARCH_PATHS = (
					"$(inherited)",
					"@executable_path/Frameworks",
				);
				MARKETING_VERSION = 1.0;
				PRODUCT_BUNDLE_IDENTIFIER = com.gmail.khang.nguyen.trd.Healthify;
				PRODUCT_NAME = "$(TARGET_NAME)";
				SWIFT_EMIT_LOC_STRINGS = YES;
				SWIFT_VERSION = 5.0;
				TARGETED_DEVICE_FAMILY = "1,2";
			};
			name = Release;
		};
/* End XCBuildConfiguration section */

/* Begin XCConfigurationList section */
		89A4DF7428DEE9B600D325BA /* Build configuration list for PBXProject "Healthify" */ = {
			isa = XCConfigurationList;
			buildConfigurations = (
				89A4DF8528DEE9B900D325BA /* Debug */,
				89A4DF8628DEE9B900D325BA /* Release */,
			);
			defaultConfigurationIsVisible = 0;
			defaultConfigurationName = Release;
		};
		89A4DF8728DEE9B900D325BA /* Build configuration list for PBXNativeTarget "Healthify" */ = {
			isa = XCConfigurationList;
			buildConfigurations = (
				89A4DF8828DEE9B900D325BA /* Debug */,
				89A4DF8928DEE9B900D325BA /* Release */,
			);
			defaultConfigurationIsVisible = 0;
			defaultConfigurationName = Release;
		};
/* End XCConfigurationList section */
	};
	rootObject = 89A4DF7128DEE9B600D325BA /* Project object */;
}
